// !$*UTF8*$!
{
	archiveVersion = 1;
	classes = {
	};
	objectVersion = 56;
	objects = {

/* Begin PBXBuildFile section */
		86354B182D58E1C200EFDAEF /* ColorExtensions.swift in Sources */ = {isa = PBXBuildFile; fileRef = 86354B172D58E1C200EFDAEF /* ColorExtensions.swift */; };
		86354B1A2D5A631400EFDAEF /* HomeViewController.swift in Sources */ = {isa = PBXBuildFile; fileRef = 86354B192D5A631400EFDAEF /* HomeViewController.swift */; };
		86354B1C2D5A652B00EFDAEF /* Option.swift in Sources */ = {isa = PBXBuildFile; fileRef = 86354B1B2D5A652B00EFDAEF /* Option.swift */; };
		86354B1E2D5A793800EFDAEF /* MenuTableViewCell.swift in Sources */ = {isa = PBXBuildFile; fileRef = 86354B1D2D5A793800EFDAEF /* MenuTableViewCell.swift */; };
		86354B202D5A7FA200EFDAEF /* HomeViewController+MenuTableView.swift in Sources */ = {isa = PBXBuildFile; fileRef = 86354B1F2D5A7FA200EFDAEF /* HomeViewController+MenuTableView.swift */; };
		868662C02D68E3F5003A90F9 /* CellDesignView.swift in Sources */ = {isa = PBXBuildFile; fileRef = 868662BF2D68E3F5003A90F9 /* CellDesignView.swift */; };
		868662C22D68F8BE003A90F9 /* TestTableViewCell.swift in Sources */ = {isa = PBXBuildFile; fileRef = 868662C12D68F8BE003A90F9 /* TestTableViewCell.swift */; };
		8697E13B2D53C5CB008A31F7 /* AppDelegate.swift in Sources */ = {isa = PBXBuildFile; fileRef = 8697E13A2D53C5CB008A31F7 /* AppDelegate.swift */; };
		8697E13D2D53C5CB008A31F7 /* SceneDelegate.swift in Sources */ = {isa = PBXBuildFile; fileRef = 8697E13C2D53C5CB008A31F7 /* SceneDelegate.swift */; };
		8697E13F2D53C5CB008A31F7 /* AboutViewController.swift in Sources */ = {isa = PBXBuildFile; fileRef = 8697E13E2D53C5CB008A31F7 /* AboutViewController.swift */; };
		8697E1422D53C5CB008A31F7 /* Base in Resources */ = {isa = PBXBuildFile; fileRef = 8697E1412D53C5CB008A31F7 /* Base */; };
		8697E1452D53C5CB008A31F7 /* Portfolio.xcdatamodeld in Sources */ = {isa = PBXBuildFile; fileRef = 8697E1432D53C5CB008A31F7 /* Portfolio.xcdatamodeld */; };
		8697E1472D53C5CE008A31F7 /* Assets.xcassets in Resources */ = {isa = PBXBuildFile; fileRef = 8697E1462D53C5CE008A31F7 /* Assets.xcassets */; };
		8697E14A2D53C5CE008A31F7 /* Base in Resources */ = {isa = PBXBuildFile; fileRef = 8697E1492D53C5CE008A31F7 /* Base */; };
		86E6DDF42D5DC6000070C9B0 /* ProjectViewController.swift in Sources */ = {isa = PBXBuildFile; fileRef = 86E6DDF32D5DC6000070C9B0 /* ProjectViewController.swift */; };
		86E6DDF62D5DC6940070C9B0 /* ProjectViewController+UITableView.swift in Sources */ = {isa = PBXBuildFile; fileRef = 86E6DDF52D5DC6940070C9B0 /* ProjectViewController+UITableView.swift */; };
		86E6DDF82D5DD0C10070C9B0 /* Project.swift in Sources */ = {isa = PBXBuildFile; fileRef = 86E6DDF72D5DD0C10070C9B0 /* Project.swift */; };
		86E6DDFB2D5DDE270070C9B0 /* ProjectTableViewCell.xib in Resources */ = {isa = PBXBuildFile; fileRef = 86E6DDFA2D5DDE270070C9B0 /* ProjectTableViewCell.xib */; };
		86E6DDFD2D5DDE400070C9B0 /* ProjectTableViewCell.swift in Sources */ = {isa = PBXBuildFile; fileRef = 86E6DDFC2D5DDE400070C9B0 /* ProjectTableViewCell.swift */; };
		86FA5B2D2D5D3E54004FF4A8 /* HelperFunction.swift in Sources */ = {isa = PBXBuildFile; fileRef = 86FA5B2C2D5D3E54004FF4A8 /* HelperFunction.swift */; };
		F9EDBA772C3B50FAEC367E99 /* Pods_Portfolio.framework in Frameworks */ = {isa = PBXBuildFile; fileRef = E4EA1511BE731BF74CFE428D /* Pods_Portfolio.framework */; };
/* End PBXBuildFile section */

/* Begin PBXFileReference section */
		1B742CFEF54F1F58A148533C /* Pods-Portfolio.release.xcconfig */ = {isa = PBXFileReference; includeInIndex = 1; lastKnownFileType = text.xcconfig; name = "Pods-Portfolio.release.xcconfig"; path = "Target Support Files/Pods-Portfolio/Pods-Portfolio.release.xcconfig"; sourceTree = "<group>"; };
		452B9A2278EABA27015829A9 /* Pods-Portfolio.debug.xcconfig */ = {isa = PBXFileReference; includeInIndex = 1; lastKnownFileType = text.xcconfig; name = "Pods-Portfolio.debug.xcconfig"; path = "Target Support Files/Pods-Portfolio/Pods-Portfolio.debug.xcconfig"; sourceTree = "<group>"; };
		86354B172D58E1C200EFDAEF /* ColorExtensions.swift */ = {isa = PBXFileReference; lastKnownFileType = sourcecode.swift; path = ColorExtensions.swift; sourceTree = "<group>"; };
		86354B192D5A631400EFDAEF /* HomeViewController.swift */ = {isa = PBXFileReference; lastKnownFileType = sourcecode.swift; path = HomeViewController.swift; sourceTree = "<group>"; };
		86354B1B2D5A652B00EFDAEF /* Option.swift */ = {isa = PBXFileReference; lastKnownFileType = sourcecode.swift; path = Option.swift; sourceTree = "<group>"; };
		86354B1D2D5A793800EFDAEF /* MenuTableViewCell.swift */ = {isa = PBXFileReference; lastKnownFileType = sourcecode.swift; path = MenuTableViewCell.swift; sourceTree = "<group>"; };
		86354B1F2D5A7FA200EFDAEF /* HomeViewController+MenuTableView.swift */ = {isa = PBXFileReference; lastKnownFileType = sourcecode.swift; path = "HomeViewController+MenuTableView.swift"; sourceTree = "<group>"; };
		868662BF2D68E3F5003A90F9 /* CellDesignView.swift */ = {isa = PBXFileReference; lastKnownFileType = sourcecode.swift; path = CellDesignView.swift; sourceTree = "<group>"; };
		868662C12D68F8BE003A90F9 /* TestTableViewCell.swift */ = {isa = PBXFileReference; lastKnownFileType = sourcecode.swift; path = TestTableViewCell.swift; sourceTree = "<group>"; };
		8697E1372D53C5CB008A31F7 /* Portfolio.app */ = {isa = PBXFileReference; explicitFileType = wrapper.application; includeInIndex = 0; path = Portfolio.app; sourceTree = BUILT_PRODUCTS_DIR; };
		8697E13A2D53C5CB008A31F7 /* AppDelegate.swift */ = {isa = PBXFileReference; lastKnownFileType = sourcecode.swift; path = AppDelegate.swift; sourceTree = "<group>"; };
		8697E13C2D53C5CB008A31F7 /* SceneDelegate.swift */ = {isa = PBXFileReference; lastKnownFileType = sourcecode.swift; path = SceneDelegate.swift; sourceTree = "<group>"; };
		8697E13E2D53C5CB008A31F7 /* AboutViewController.swift */ = {isa = PBXFileReference; lastKnownFileType = sourcecode.swift; path = AboutViewController.swift; sourceTree = "<group>"; };
		8697E1412D53C5CB008A31F7 /* Base */ = {isa = PBXFileReference; lastKnownFileType = file.storyboard; name = Base; path = Base.lproj/Main.storyboard; sourceTree = "<group>"; };
		8697E1442D53C5CB008A31F7 /* Portfolio.xcdatamodel */ = {isa = PBXFileReference; lastKnownFileType = wrapper.xcdatamodel; path = Portfolio.xcdatamodel; sourceTree = "<group>"; };
		8697E1462D53C5CE008A31F7 /* Assets.xcassets */ = {isa = PBXFileReference; lastKnownFileType = folder.assetcatalog; path = Assets.xcassets; sourceTree = "<group>"; };
		8697E1492D53C5CE008A31F7 /* Base */ = {isa = PBXFileReference; lastKnownFileType = file.storyboard; name = Base; path = Base.lproj/LaunchScreen.storyboard; sourceTree = "<group>"; };
		8697E14B2D53C5CE008A31F7 /* Info.plist */ = {isa = PBXFileReference; lastKnownFileType = text.plist.xml; path = Info.plist; sourceTree = "<group>"; };
		86E6DDF32D5DC6000070C9B0 /* ProjectViewController.swift */ = {isa = PBXFileReference; lastKnownFileType = sourcecode.swift; path = ProjectViewController.swift; sourceTree = "<group>"; };
		86E6DDF52D5DC6940070C9B0 /* ProjectViewController+UITableView.swift */ = {isa = PBXFileReference; lastKnownFileType = sourcecode.swift; path = "ProjectViewController+UITableView.swift"; sourceTree = "<group>"; };
		86E6DDF72D5DD0C10070C9B0 /* Project.swift */ = {isa = PBXFileReference; lastKnownFileType = sourcecode.swift; path = Project.swift; sourceTree = "<group>"; };
		86E6DDFA2D5DDE270070C9B0 /* ProjectTableViewCell.xib */ = {isa = PBXFileReference; lastKnownFileType = file.xib; path = ProjectTableViewCell.xib; sourceTree = "<group>"; };
		86E6DDFC2D5DDE400070C9B0 /* ProjectTableViewCell.swift */ = {isa = PBXFileReference; lastKnownFileType = sourcecode.swift; path = ProjectTableViewCell.swift; sourceTree = "<group>"; };
		86FA5B2C2D5D3E54004FF4A8 /* HelperFunction.swift */ = {isa = PBXFileReference; lastKnownFileType = sourcecode.swift; path = HelperFunction.swift; sourceTree = "<group>"; };
		E4EA1511BE731BF74CFE428D /* Pods_Portfolio.framework */ = {isa = PBXFileReference; explicitFileType = wrapper.framework; includeInIndex = 0; path = Pods_Portfolio.framework; sourceTree = BUILT_PRODUCTS_DIR; };
/* End PBXFileReference section */

/* Begin PBXFrameworksBuildPhase section */
		8697E1342D53C5CB008A31F7 /* Frameworks */ = {
			isa = PBXFrameworksBuildPhase;
			buildActionMask = 2147483647;
			files = (
				F9EDBA772C3B50FAEC367E99 /* Pods_Portfolio.framework in Frameworks */,
			);
			runOnlyForDeploymentPostprocessing = 0;
		};
/* End PBXFrameworksBuildPhase section */

/* Begin PBXGroup section */
		1FFEC45DF9AB5BE2CDB25AB6 /* Frameworks */ = {
			isa = PBXGroup;
			children = (
				E4EA1511BE731BF74CFE428D /* Pods_Portfolio.framework */,
			);
			name = Frameworks;
			sourceTree = "<group>";
		};
		86354B162D58E18600EFDAEF /* Utilities  */ = {
			isa = PBXGroup;
			children = (
				86354B172D58E1C200EFDAEF /* ColorExtensions.swift */,
				86FA5B2C2D5D3E54004FF4A8 /* HelperFunction.swift */,
			);
			path = "Utilities ";
			sourceTree = "<group>";
		};
		8697E12E2D53C5CB008A31F7 = {
			isa = PBXGroup;
			children = (
				8697E1392D53C5CB008A31F7 /* Portfolio */,
				8697E1382D53C5CB008A31F7 /* Products */,
				DD7C6188D52146642643E342 /* Pods */,
				1FFEC45DF9AB5BE2CDB25AB6 /* Frameworks */,
			);
			sourceTree = "<group>";
		};
		8697E1382D53C5CB008A31F7 /* Products */ = {
			isa = PBXGroup;
			children = (
				8697E1372D53C5CB008A31F7 /* Portfolio.app */,
			);
			name = Products;
			sourceTree = "<group>";
		};
		8697E1392D53C5CB008A31F7 /* Portfolio */ = {
			isa = PBXGroup;
			children = (
				8697E13A2D53C5CB008A31F7 /* AppDelegate.swift */,
				8697E13C2D53C5CB008A31F7 /* SceneDelegate.swift */,
				8697E1512D563C48008A31F7 /* Model */,
				8697E1522D563C59008A31F7 /* View */,
				8697E1532D563C64008A31F7 /* ViewModel */,
				86354B162D58E18600EFDAEF /* Utilities  */,
				8697E1462D53C5CE008A31F7 /* Assets.xcassets */,
				8697E1482D53C5CE008A31F7 /* LaunchScreen.storyboard */,
				8697E14B2D53C5CE008A31F7 /* Info.plist */,
				8697E1432D53C5CB008A31F7 /* Portfolio.xcdatamodeld */,
			);
			path = Portfolio;
			sourceTree = "<group>";
		};
		8697E1512D563C48008A31F7 /* Model */ = {
			isa = PBXGroup;
			children = (
				86354B1B2D5A652B00EFDAEF /* Option.swift */,
				86E6DDF72D5DD0C10070C9B0 /* Project.swift */,
			);
			path = Model;
			sourceTree = "<group>";
		};
		8697E1522D563C59008A31F7 /* View */ = {
			isa = PBXGroup;
			children = (
				86E6DDF92D5DDD460070C9B0 /* Cells */,
				8697E13E2D53C5CB008A31F7 /* AboutViewController.swift */,
				8697E1402D53C5CB008A31F7 /* Main.storyboard */,
				86354B192D5A631400EFDAEF /* HomeViewController.swift */,
				86354B1F2D5A7FA200EFDAEF /* HomeViewController+MenuTableView.swift */,
				86E6DDF32D5DC6000070C9B0 /* ProjectViewController.swift */,
				86E6DDF52D5DC6940070C9B0 /* ProjectViewController+UITableView.swift */,
			);
			path = View;
			sourceTree = "<group>";
		};
		8697E1532D563C64008A31F7 /* ViewModel */ = {
			isa = PBXGroup;
			children = (
			);
			path = ViewModel;
			sourceTree = "<group>";
		};
		86E6DDF92D5DDD460070C9B0 /* Cells */ = {
			isa = PBXGroup;
			children = (
				86354B1D2D5A793800EFDAEF /* MenuTableViewCell.swift */,
				86E6DDFA2D5DDE270070C9B0 /* ProjectTableViewCell.xib */,
				86E6DDFC2D5DDE400070C9B0 /* ProjectTableViewCell.swift */,
				868662BF2D68E3F5003A90F9 /* CellDesignView.swift */,
				868662C12D68F8BE003A90F9 /* TestTableViewCell.swift */,
			);
			path = Cells;
			sourceTree = "<group>";
		};
		DD7C6188D52146642643E342 /* Pods */ = {
			isa = PBXGroup;
			children = (
				452B9A2278EABA27015829A9 /* Pods-Portfolio.debug.xcconfig */,
				1B742CFEF54F1F58A148533C /* Pods-Portfolio.release.xcconfig */,
			);
			path = Pods;
			sourceTree = "<group>";
		};
/* End PBXGroup section */

/* Begin PBXNativeTarget section */
		8697E1362D53C5CB008A31F7 /* Portfolio */ = {
			isa = PBXNativeTarget;
			buildConfigurationList = 8697E14E2D53C5CE008A31F7 /* Build configuration list for PBXNativeTarget "Portfolio" */;
			buildPhases = (
				C5837661D4A21F07718079A6 /* [CP] Check Pods Manifest.lock */,
				8697E1332D53C5CB008A31F7 /* Sources */,
				8697E1342D53C5CB008A31F7 /* Frameworks */,
				8697E1352D53C5CB008A31F7 /* Resources */,
				772233494904BEA315B99E58 /* [CP] Embed Pods Frameworks */,
			);
			buildRules = (
			);
			dependencies = (
			);
			name = Portfolio;
			productName = Portfolio;
			productReference = 8697E1372D53C5CB008A31F7 /* Portfolio.app */;
			productType = "com.apple.product-type.application";
		};
/* End PBXNativeTarget section */

/* Begin PBXProject section */
		8697E12F2D53C5CB008A31F7 /* Project object */ = {
			isa = PBXProject;
			attributes = {
				BuildIndependentTargetsInParallel = 1;
				LastSwiftUpdateCheck = 1540;
				LastUpgradeCheck = 1540;
				TargetAttributes = {
					8697E1362D53C5CB008A31F7 = {
						CreatedOnToolsVersion = 15.4;
					};
				};
			};
			buildConfigurationList = 8697E1322D53C5CB008A31F7 /* Build configuration list for PBXProject "Portfolio" */;
			compatibilityVersion = "Xcode 14.0";
			developmentRegion = en;
			hasScannedForEncodings = 0;
			knownRegions = (
				en,
				Base,
			);
			mainGroup = 8697E12E2D53C5CB008A31F7;
			productRefGroup = 8697E1382D53C5CB008A31F7 /* Products */;
			projectDirPath = "";
			projectRoot = "";
			targets = (
				8697E1362D53C5CB008A31F7 /* Portfolio */,
			);
		};
/* End PBXProject section */

/* Begin PBXResourcesBuildPhase section */
		8697E1352D53C5CB008A31F7 /* Resources */ = {
			isa = PBXResourcesBuildPhase;
			buildActionMask = 2147483647;
			files = (
				8697E1472D53C5CE008A31F7 /* Assets.xcassets in Resources */,
				8697E14A2D53C5CE008A31F7 /* Base in Resources */,
				8697E1422D53C5CB008A31F7 /* Base in Resources */,
				86E6DDFB2D5DDE270070C9B0 /* ProjectTableViewCell.xib in Resources */,
			);
			runOnlyForDeploymentPostprocessing = 0;
		};
/* End PBXResourcesBuildPhase section */

/* Begin PBXShellScriptBuildPhase section */
		772233494904BEA315B99E58 /* [CP] Embed Pods Frameworks */ = {
			isa = PBXShellScriptBuildPhase;
			buildActionMask = 2147483647;
			files = (
			);
			inputFileListPaths = (
				"${PODS_ROOT}/Target Support Files/Pods-Portfolio/Pods-Portfolio-frameworks-${CONFIGURATION}-input-files.xcfilelist",
			);
			name = "[CP] Embed Pods Frameworks";
			outputFileListPaths = (
				"${PODS_ROOT}/Target Support Files/Pods-Portfolio/Pods-Portfolio-frameworks-${CONFIGURATION}-output-files.xcfilelist",
			);
			runOnlyForDeploymentPostprocessing = 0;
			shellPath = /bin/sh;
			shellScript = "\"${PODS_ROOT}/Target Support Files/Pods-Portfolio/Pods-Portfolio-frameworks.sh\"\n";
			showEnvVarsInLog = 0;
		};
		C5837661D4A21F07718079A6 /* [CP] Check Pods Manifest.lock */ = {
			isa = PBXShellScriptBuildPhase;
			buildActionMask = 2147483647;
			files = (
			);
			inputFileListPaths = (
			);
			inputPaths = (
				"${PODS_PODFILE_DIR_PATH}/Podfile.lock",
				"${PODS_ROOT}/Manifest.lock",
			);
			name = "[CP] Check Pods Manifest.lock";
			outputFileListPaths = (
			);
			outputPaths = (
				"$(DERIVED_FILE_DIR)/Pods-Portfolio-checkManifestLockResult.txt",
			);
			runOnlyForDeploymentPostprocessing = 0;
			shellPath = /bin/sh;
			shellScript = "diff \"${PODS_PODFILE_DIR_PATH}/Podfile.lock\" \"${PODS_ROOT}/Manifest.lock\" > /dev/null\nif [ $? != 0 ] ; then\n    # print error to STDERR\n    echo \"error: The sandbox is not in sync with the Podfile.lock. Run 'pod install' or update your CocoaPods installation.\" >&2\n    exit 1\nfi\n# This output is used by Xcode 'outputs' to avoid re-running this script phase.\necho \"SUCCESS\" > \"${SCRIPT_OUTPUT_FILE_0}\"\n";
			showEnvVarsInLog = 0;
		};
/* End PBXShellScriptBuildPhase section */

/* Begin PBXSourcesBuildPhase section */
		8697E1332D53C5CB008A31F7 /* Sources */ = {
			isa = PBXSourcesBuildPhase;
			buildActionMask = 2147483647;
			files = (
				86E6DDF62D5DC6940070C9B0 /* ProjectViewController+UITableView.swift in Sources */,
				86E6DDFD2D5DDE400070C9B0 /* ProjectTableViewCell.swift in Sources */,
				8697E1452D53C5CB008A31F7 /* Portfolio.xcdatamodeld in Sources */,
				86E6DDF42D5DC6000070C9B0 /* ProjectViewController.swift in Sources */,
				8697E13F2D53C5CB008A31F7 /* AboutViewController.swift in Sources */,
				868662C22D68F8BE003A90F9 /* TestTableViewCell.swift in Sources */,
				8697E13B2D53C5CB008A31F7 /* AppDelegate.swift in Sources */,
				868662C02D68E3F5003A90F9 /* CellDesignView.swift in Sources */,
				86E6DDF82D5DD0C10070C9B0 /* Project.swift in Sources */,
				86354B1A2D5A631400EFDAEF /* HomeViewController.swift in Sources */,
				86354B1C2D5A652B00EFDAEF /* Option.swift in Sources */,
				86354B1E2D5A793800EFDAEF /* MenuTableViewCell.swift in Sources */,
				8697E13D2D53C5CB008A31F7 /* SceneDelegate.swift in Sources */,
				86FA5B2D2D5D3E54004FF4A8 /* HelperFunction.swift in Sources */,
				86354B182D58E1C200EFDAEF /* ColorExtensions.swift in Sources */,
				86354B202D5A7FA200EFDAEF /* HomeViewController+MenuTableView.swift in Sources */,
			);
			runOnlyForDeploymentPostprocessing = 0;
		};
/* End PBXSourcesBuildPhase section */

/* Begin PBXVariantGroup section */
		8697E1402D53C5CB008A31F7 /* Main.storyboard */ = {
			isa = PBXVariantGroup;
			children = (
				8697E1412D53C5CB008A31F7 /* Base */,
			);
			name = Main.storyboard;
			sourceTree = "<group>";
		};
		8697E1482D53C5CE008A31F7 /* LaunchScreen.storyboard */ = {
			isa = PBXVariantGroup;
			children = (
				8697E1492D53C5CE008A31F7 /* Base */,
			);
			name = LaunchScreen.storyboard;
			sourceTree = "<group>";
		};
/* End PBXVariantGroup section */

/* Begin XCBuildConfiguration section */
		8697E14C2D53C5CE008A31F7 /* Debug */ = {
			isa = XCBuildConfiguration;
			buildSettings = {
				ALWAYS_SEARCH_USER_PATHS = NO;
				ASSETCATALOG_COMPILER_GENERATE_SWIFT_ASSET_SYMBOL_EXTENSIONS = YES;
				CLANG_ANALYZER_NONNULL = YES;
				CLANG_ANALYZER_NUMBER_OBJECT_CONVERSION = YES_AGGRESSIVE;
				CLANG_CXX_LANGUAGE_STANDARD = "gnu++20";
				CLANG_ENABLE_MODULES = YES;
				CLANG_ENABLE_OBJC_ARC = YES;
				CLANG_ENABLE_OBJC_WEAK = YES;
				CLANG_WARN_BLOCK_CAPTURE_AUTORELEASING = YES;
				CLANG_WARN_BOOL_CONVERSION = YES;
				CLANG_WARN_COMMA = YES;
				CLANG_WARN_CONSTANT_CONVERSION = YES;
				CLANG_WARN_DEPRECATED_OBJC_IMPLEMENTATIONS = YES;
				CLANG_WARN_DIRECT_OBJC_ISA_USAGE = YES_ERROR;
				CLANG_WARN_DOCUMENTATION_COMMENTS = YES;
				CLANG_WARN_EMPTY_BODY = YES;
				CLANG_WARN_ENUM_CONVERSION = YES;
				CLANG_WARN_INFINITE_RECURSION = YES;
				CLANG_WARN_INT_CONVERSION = YES;
				CLANG_WARN_NON_LITERAL_NULL_CONVERSION = YES;
				CLANG_WARN_OBJC_IMPLICIT_RETAIN_SELF = YES;
				CLANG_WARN_OBJC_LITERAL_CONVERSION = YES;
				CLANG_WARN_OBJC_ROOT_CLASS = YES_ERROR;
				CLANG_WARN_QUOTED_INCLUDE_IN_FRAMEWORK_HEADER = YES;
				CLANG_WARN_RANGE_LOOP_ANALYSIS = YES;
				CLANG_WARN_STRICT_PROTOTYPES = YES;
				CLANG_WARN_SUSPICIOUS_MOVE = YES;
				CLANG_WARN_UNGUARDED_AVAILABILITY = YES_AGGRESSIVE;
				CLANG_WARN_UNREACHABLE_CODE = YES;
				CLANG_WARN__DUPLICATE_METHOD_MATCH = YES;
				COPY_PHASE_STRIP = NO;
				DEBUG_INFORMATION_FORMAT = dwarf;
				ENABLE_STRICT_OBJC_MSGSEND = YES;
				ENABLE_TESTABILITY = YES;
				ENABLE_USER_SCRIPT_SANDBOXING = YES;
				GCC_C_LANGUAGE_STANDARD = gnu17;
				GCC_DYNAMIC_NO_PIC = NO;
				GCC_NO_COMMON_BLOCKS = YES;
				GCC_OPTIMIZATION_LEVEL = 0;
				GCC_PREPROCESSOR_DEFINITIONS = (
					"DEBUG=1",
					"$(inherited)",
				);
				GCC_WARN_64_TO_32_BIT_CONVERSION = YES;
				GCC_WARN_ABOUT_RETURN_TYPE = YES_ERROR;
				GCC_WARN_UNDECLARED_SELECTOR = YES;
				GCC_WARN_UNINITIALIZED_AUTOS = YES_AGGRESSIVE;
				GCC_WARN_UNUSED_FUNCTION = YES;
				GCC_WARN_UNUSED_VARIABLE = YES;
				IPHONEOS_DEPLOYMENT_TARGET = 17.5;
				LOCALIZATION_PREFERS_STRING_CATALOGS = YES;
				MTL_ENABLE_DEBUG_INFO = INCLUDE_SOURCE;
				MTL_FAST_MATH = YES;
				ONLY_ACTIVE_ARCH = YES;
				SDKROOT = iphoneos;
				SWIFT_ACTIVE_COMPILATION_CONDITIONS = "DEBUG $(inherited)";
				SWIFT_OPTIMIZATION_LEVEL = "-Onone";
			};
			name = Debug;
		};
		8697E14D2D53C5CE008A31F7 /* Release */ = {
			isa = XCBuildConfiguration;
			buildSettings = {
				ALWAYS_SEARCH_USER_PATHS = NO;
				ASSETCATALOG_COMPILER_GENERATE_SWIFT_ASSET_SYMBOL_EXTENSIONS = YES;
				CLANG_ANALYZER_NONNULL = YES;
				CLANG_ANALYZER_NUMBER_OBJECT_CONVERSION = YES_AGGRESSIVE;
				CLANG_CXX_LANGUAGE_STANDARD = "gnu++20";
				CLANG_ENABLE_MODULES = YES;
				CLANG_ENABLE_OBJC_ARC = YES;
				CLANG_ENABLE_OBJC_WEAK = YES;
				CLANG_WARN_BLOCK_CAPTURE_AUTORELEASING = YES;
				CLANG_WARN_BOOL_CONVERSION = YES;
				CLANG_WARN_COMMA = YES;
				CLANG_WARN_CONSTANT_CONVERSION = YES;
				CLANG_WARN_DEPRECATED_OBJC_IMPLEMENTATIONS = YES;
				CLANG_WARN_DIRECT_OBJC_ISA_USAGE = YES_ERROR;
				CLANG_WARN_DOCUMENTATION_COMMENTS = YES;
				CLANG_WARN_EMPTY_BODY = YES;
				CLANG_WARN_ENUM_CONVERSION = YES;
				CLANG_WARN_INFINITE_RECURSION = YES;
				CLANG_WARN_INT_CONVERSION = YES;
				CLANG_WARN_NON_LITERAL_NULL_CONVERSION = YES;
				CLANG_WARN_OBJC_IMPLICIT_RETAIN_SELF = YES;
				CLANG_WARN_OBJC_LITERAL_CONVERSION = YES;
				CLANG_WARN_OBJC_ROOT_CLASS = YES_ERROR;
				CLANG_WARN_QUOTED_INCLUDE_IN_FRAMEWORK_HEADER = YES;
				CLANG_WARN_RANGE_LOOP_ANALYSIS = YES;
				CLANG_WARN_STRICT_PROTOTYPES = YES;
				CLANG_WARN_SUSPICIOUS_MOVE = YES;
				CLANG_WARN_UNGUARDED_AVAILABILITY = YES_AGGRESSIVE;
				CLANG_WARN_UNREACHABLE_CODE = YES;
				CLANG_WARN__DUPLICATE_METHOD_MATCH = YES;
				COPY_PHASE_STRIP = NO;
				DEBUG_INFORMATION_FORMAT = "dwarf-with-dsym";
				ENABLE_NS_ASSERTIONS = NO;
				ENABLE_STRICT_OBJC_MSGSEND = YES;
				ENABLE_USER_SCRIPT_SANDBOXING = YES;
				GCC_C_LANGUAGE_STANDARD = gnu17;
				GCC_NO_COMMON_BLOCKS = YES;
				GCC_WARN_64_TO_32_BIT_CONVERSION = YES;
				GCC_WARN_ABOUT_RETURN_TYPE = YES_ERROR;
				GCC_WARN_UNDECLARED_SELECTOR = YES;
				GCC_WARN_UNINITIALIZED_AUTOS = YES_AGGRESSIVE;
				GCC_WARN_UNUSED_FUNCTION = YES;
				GCC_WARN_UNUSED_VARIABLE = YES;
				IPHONEOS_DEPLOYMENT_TARGET = 17.5;
				LOCALIZATION_PREFERS_STRING_CATALOGS = YES;
				MTL_ENABLE_DEBUG_INFO = NO;
				MTL_FAST_MATH = YES;
				SDKROOT = iphoneos;
				SWIFT_COMPILATION_MODE = wholemodule;
				VALIDATE_PRODUCT = YES;
			};
			name = Release;
		};
		8697E14F2D53C5CE008A31F7 /* Debug */ = {
			isa = XCBuildConfiguration;
			baseConfigurationReference = 452B9A2278EABA27015829A9 /* Pods-Portfolio.debug.xcconfig */;
			buildSettings = {
				ASSETCATALOG_COMPILER_APPICON_NAME = AppIcon;
				ASSETCATALOG_COMPILER_GLOBAL_ACCENT_COLOR_NAME = AccentColor;
				CODE_SIGN_STYLE = Automatic;
				CURRENT_PROJECT_VERSION = 1;
				DEVELOPMENT_TEAM = DQXV2AHZWT;
				ENABLE_USER_SCRIPT_SANDBOXING = NO;
				GENERATE_INFOPLIST_FILE = YES;
				INFOPLIST_FILE = Portfolio/Info.plist;
				INFOPLIST_KEY_UIApplicationSupportsIndirectInputEvents = YES;
				INFOPLIST_KEY_UILaunchStoryboardName = LaunchScreen;
				INFOPLIST_KEY_UIMainStoryboardFile = Main;
				INFOPLIST_KEY_UISupportedInterfaceOrientations_iPad = "UIInterfaceOrientationPortrait UIInterfaceOrientationPortraitUpsideDown UIInterfaceOrientationLandscapeLeft UIInterfaceOrientationLandscapeRight";
				INFOPLIST_KEY_UISupportedInterfaceOrientations_iPhone = "UIInterfaceOrientationPortrait UIInterfaceOrientationLandscapeLeft UIInterfaceOrientationLandscapeRight";
				LD_RUNPATH_SEARCH_PATHS = (
					"$(inherited)",
					"@executable_path/Frameworks",
				);
				MARKETING_VERSION = 1.0;
				PRODUCT_BUNDLE_IDENTIFIER = com.Sikarwar.Portfolio;
				PRODUCT_NAME = "$(TARGET_NAME)";
				SWIFT_EMIT_LOC_STRINGS = YES;
				SWIFT_VERSION = 5.0;
				TARGETED_DEVICE_FAMILY = "1,2";
			};
			name = Debug;
		};
		8697E1502D53C5CE008A31F7 /* Release */ = {
			isa = XCBuildConfiguration;
			baseConfigurationReference = 1B742CFEF54F1F58A148533C /* Pods-Portfolio.release.xcconfig */;
			buildSettings = {
				ASSETCATALOG_COMPILER_APPICON_NAME = AppIcon;
				ASSETCATALOG_COMPILER_GLOBAL_ACCENT_COLOR_NAME = AccentColor;
				CODE_SIGN_STYLE = Automatic;
				CURRENT_PROJECT_VERSION = 1;
				DEVELOPMENT_TEAM = DQXV2AHZWT;
				ENABLE_USER_SCRIPT_SANDBOXING = NO;
				GENERATE_INFOPLIST_FILE = YES;
				INFOPLIST_FILE = Portfolio/Info.plist;
				INFOPLIST_KEY_UIApplicationSupportsIndirectInputEvents = YES;
				INFOPLIST_KEY_UILaunchStoryboardName = LaunchScreen;
				INFOPLIST_KEY_UIMainStoryboardFile = Main;
				INFOPLIST_KEY_UISupportedInterfaceOrientations_iPad = "UIInterfaceOrientationPortrait UIInterfaceOrientationPortraitUpsideDown UIInterfaceOrientationLandscapeLeft UIInterfaceOrientationLandscapeRight";
				INFOPLIST_KEY_UISupportedInterfaceOrientations_iPhone = "UIInterfaceOrientationPortrait UIInterfaceOrientationLandscapeLeft UIInterfaceOrientationLandscapeRight";
				LD_RUNPATH_SEARCH_PATHS = (
					"$(inherited)",
					"@executable_path/Frameworks",
				);
				MARKETING_VERSION = 1.0;
				PRODUCT_BUNDLE_IDENTIFIER = com.Sikarwar.Portfolio;
				PRODUCT_NAME = "$(TARGET_NAME)";
				SWIFT_EMIT_LOC_STRINGS = YES;
				SWIFT_VERSION = 5.0;
				TARGETED_DEVICE_FAMILY = "1,2";
			};
			name = Release;
		};
/* End XCBuildConfiguration section */

/* Begin XCConfigurationList section */
		8697E1322D53C5CB008A31F7 /* Build configuration list for PBXProject "Portfolio" */ = {
			isa = XCConfigurationList;
			buildConfigurations = (
				8697E14C2D53C5CE008A31F7 /* Debug */,
				8697E14D2D53C5CE008A31F7 /* Release */,
			);
			defaultConfigurationIsVisible = 0;
			defaultConfigurationName = Release;
		};
		8697E14E2D53C5CE008A31F7 /* Build configuration list for PBXNativeTarget "Portfolio" */ = {
			isa = XCConfigurationList;
			buildConfigurations = (
				8697E14F2D53C5CE008A31F7 /* Debug */,
				8697E1502D53C5CE008A31F7 /* Release */,
			);
			defaultConfigurationIsVisible = 0;
			defaultConfigurationName = Release;
		};
/* End XCConfigurationList section */

/* Begin XCVersionGroup section */
		8697E1432D53C5CB008A31F7 /* Portfolio.xcdatamodeld */ = {
			isa = XCVersionGroup;
			children = (
				8697E1442D53C5CB008A31F7 /* Portfolio.xcdatamodel */,
			);
			currentVersion = 8697E1442D53C5CB008A31F7 /* Portfolio.xcdatamodel */;
			path = Portfolio.xcdatamodeld;
			sourceTree = "<group>";
			versionGroupType = wrapper.xcdatamodel;
		};
/* End XCVersionGroup section */
	};
	rootObject = 8697E12F2D53C5CB008A31F7 /* Project object */;
}
